// !$*UTF8*$!
{
	archiveVersion = 1;
	classes = {
	};
	objectVersion = 55;
	objects = {

/* Begin PBXBuildFile section */
		C3A2036929E7C74100BD39AD /* AppDelegate.swift in Sources */ = {isa = PBXBuildFile; fileRef = C3A2036829E7C74100BD39AD /* AppDelegate.swift */; };
		C3A2036F29E7C74100BD39AD /* GameScene.swift in Sources */ = {isa = PBXBuildFile; fileRef = C3A2036E29E7C74100BD39AD /* GameScene.swift */; };
		C3A2037129E7C74100BD39AD /* GameViewController.swift in Sources */ = {isa = PBXBuildFile; fileRef = C3A2037029E7C74100BD39AD /* GameViewController.swift */; };
		C3A2037429E7C74100BD39AD /* Main.storyboard in Resources */ = {isa = PBXBuildFile; fileRef = C3A2037229E7C74100BD39AD /* Main.storyboard */; };
		C3A2037629E7C74400BD39AD /* Assets.xcassets in Resources */ = {isa = PBXBuildFile; fileRef = C3A2037529E7C74400BD39AD /* Assets.xcassets */; };
		C3A2037929E7C74400BD39AD /* LaunchScreen.storyboard in Resources */ = {isa = PBXBuildFile; fileRef = C3A2037729E7C74400BD39AD /* LaunchScreen.storyboard */; };
		C3A2038329E7C74400BD39AD /* SpriteKitBasicsTests.swift in Sources */ = {isa = PBXBuildFile; fileRef = C3A2038229E7C74400BD39AD /* SpriteKitBasicsTests.swift */; };
		C3A2038D29E7C74400BD39AD /* SpriteKitBasicsUITests.swift in Sources */ = {isa = PBXBuildFile; fileRef = C3A2038C29E7C74400BD39AD /* SpriteKitBasicsUITests.swift */; };
		C3A2038F29E7C74400BD39AD /* SpriteKitBasicsUITestsLaunchTests.swift in Sources */ = {isa = PBXBuildFile; fileRef = C3A2038E29E7C74400BD39AD /* SpriteKitBasicsUITestsLaunchTests.swift */; };
/* End PBXBuildFile section */

/* Begin PBXContainerItemProxy section */
		C3A2037F29E7C74400BD39AD /* PBXContainerItemProxy */ = {
			isa = PBXContainerItemProxy;
			containerPortal = C3A2035D29E7C74100BD39AD /* Project object */;
			proxyType = 1;
			remoteGlobalIDString = C3A2036429E7C74100BD39AD;
			remoteInfo = SpriteKitBasics;
		};
		C3A2038929E7C74400BD39AD /* PBXContainerItemProxy */ = {
			isa = PBXContainerItemProxy;
			containerPortal = C3A2035D29E7C74100BD39AD /* Project object */;
			proxyType = 1;
			remoteGlobalIDString = C3A2036429E7C74100BD39AD;
			remoteInfo = SpriteKitBasics;
		};
/* End PBXContainerItemProxy section */

/* Begin PBXFileReference section */
		C3A2036529E7C74100BD39AD /* SpriteKitBasics.app */ = {isa = PBXFileReference; explicitFileType = wrapper.application; includeInIndex = 0; path = SpriteKitBasics.app; sourceTree = BUILT_PRODUCTS_DIR; };
		C3A2036829E7C74100BD39AD /* AppDelegate.swift */ = {isa = PBXFileReference; lastKnownFileType = sourcecode.swift; path = AppDelegate.swift; sourceTree = "<group>"; };
		C3A2036E29E7C74100BD39AD /* GameScene.swift */ = {isa = PBXFileReference; lastKnownFileType = sourcecode.swift; path = GameScene.swift; sourceTree = "<group>"; };
		C3A2037029E7C74100BD39AD /* GameViewController.swift */ = {isa = PBXFileReference; lastKnownFileType = sourcecode.swift; path = GameViewController.swift; sourceTree = "<group>"; };
		C3A2037329E7C74100BD39AD /* Base */ = {isa = PBXFileReference; lastKnownFileType = file.storyboard; name = Base; path = Base.lproj/Main.storyboard; sourceTree = "<group>"; };
		C3A2037529E7C74400BD39AD /* Assets.xcassets */ = {isa = PBXFileReference; lastKnownFileType = folder.assetcatalog; path = Assets.xcassets; sourceTree = "<group>"; };
		C3A2037829E7C74400BD39AD /* Base */ = {isa = PBXFileReference; lastKnownFileType = file.storyboard; name = Base; path = Base.lproj/LaunchScreen.storyboard; sourceTree = "<group>"; };
		C3A2037E29E7C74400BD39AD /* SpriteKitBasicsTests.xctest */ = {isa = PBXFileReference; explicitFileType = wrapper.cfbundle; includeInIndex = 0; path = SpriteKitBasicsTests.xctest; sourceTree = BUILT_PRODUCTS_DIR; };
		C3A2038229E7C74400BD39AD /* SpriteKitBasicsTests.swift */ = {isa = PBXFileReference; lastKnownFileType = sourcecode.swift; path = SpriteKitBasicsTests.swift; sourceTree = "<group>"; };
		C3A2038829E7C74400BD39AD /* SpriteKitBasicsUITests.xctest */ = {isa = PBXFileReference; explicitFileType = wrapper.cfbundle; includeInIndex = 0; path = SpriteKitBasicsUITests.xctest; sourceTree = BUILT_PRODUCTS_DIR; };
		C3A2038C29E7C74400BD39AD /* SpriteKitBasicsUITests.swift */ = {isa = PBXFileReference; lastKnownFileType = sourcecode.swift; path = SpriteKitBasicsUITests.swift; sourceTree = "<group>"; };
		C3A2038E29E7C74400BD39AD /* SpriteKitBasicsUITestsLaunchTests.swift */ = {isa = PBXFileReference; lastKnownFileType = sourcecode.swift; path = SpriteKitBasicsUITestsLaunchTests.swift; sourceTree = "<group>"; };
/* End PBXFileReference section */

/* Begin PBXFrameworksBuildPhase section */
		C3A2036229E7C74100BD39AD /* Frameworks */ = {
			isa = PBXFrameworksBuildPhase;
			buildActionMask = 2147483647;
			files = (
			);
			runOnlyForDeploymentPostprocessing = 0;
		};
		C3A2037B29E7C74400BD39AD /* Frameworks */ = {
			isa = PBXFrameworksBuildPhase;
			buildActionMask = 2147483647;
			files = (
			);
			runOnlyForDeploymentPostprocessing = 0;
		};
		C3A2038529E7C74400BD39AD /* Frameworks */ = {
			isa = PBXFrameworksBuildPhase;
			buildActionMask = 2147483647;
			files = (
			);
			runOnlyForDeploymentPostprocessing = 0;
		};
/* End PBXFrameworksBuildPhase section */

/* Begin PBXGroup section */
		C3A2035C29E7C74100BD39AD = {
			isa = PBXGroup;
			children = (
				C3A2036729E7C74100BD39AD /* SpriteKitBasics */,
				C3A2038129E7C74400BD39AD /* SpriteKitBasicsTests */,
				C3A2038B29E7C74400BD39AD /* SpriteKitBasicsUITests */,
				C3A2036629E7C74100BD39AD /* Products */,
			);
			sourceTree = "<group>";
		};
		C3A2036629E7C74100BD39AD /* Products */ = {
			isa = PBXGroup;
			children = (
				C3A2036529E7C74100BD39AD /* SpriteKitBasics.app */,
				C3A2037E29E7C74400BD39AD /* SpriteKitBasicsTests.xctest */,
				C3A2038829E7C74400BD39AD /* SpriteKitBasicsUITests.xctest */,
			);
			name = Products;
			sourceTree = "<group>";
		};
		C3A2036729E7C74100BD39AD /* SpriteKitBasics */ = {
			isa = PBXGroup;
			children = (
				C3A2036829E7C74100BD39AD /* AppDelegate.swift */,
				C3A2036E29E7C74100BD39AD /* GameScene.swift */,
				C3A2037029E7C74100BD39AD /* GameViewController.swift */,
				C3A2037229E7C74100BD39AD /* Main.storyboard */,
				C3A2037529E7C74400BD39AD /* Assets.xcassets */,
				C3A2037729E7C74400BD39AD /* LaunchScreen.storyboard */,
			);
			path = SpriteKitBasics;
			sourceTree = "<group>";
		};
		C3A2038129E7C74400BD39AD /* SpriteKitBasicsTests */ = {
			isa = PBXGroup;
			children = (
				C3A2038229E7C74400BD39AD /* SpriteKitBasicsTests.swift */,
			);
			path = SpriteKitBasicsTests;
			sourceTree = "<group>";
		};
		C3A2038B29E7C74400BD39AD /* SpriteKitBasicsUITests */ = {
			isa = PBXGroup;
			children = (
				C3A2038C29E7C74400BD39AD /* SpriteKitBasicsUITests.swift */,
				C3A2038E29E7C74400BD39AD /* SpriteKitBasicsUITestsLaunchTests.swift */,
			);
			path = SpriteKitBasicsUITests;
			sourceTree = "<group>";
		};
/* End PBXGroup section */

/* Begin PBXNativeTarget section */
		C3A2036429E7C74100BD39AD /* SpriteKitBasics */ = {
			isa = PBXNativeTarget;
			buildConfigurationList = C3A2039229E7C74400BD39AD /* Build configuration list for PBXNativeTarget "SpriteKitBasics" */;
			buildPhases = (
				C3A2036129E7C74100BD39AD /* Sources */,
				C3A2036229E7C74100BD39AD /* Frameworks */,
				C3A2036329E7C74100BD39AD /* Resources */,
			);
			buildRules = (
			);
			dependencies = (
			);
			name = SpriteKitBasics;
			productName = SpriteKitBasics;
			productReference = C3A2036529E7C74100BD39AD /* SpriteKitBasics.app */;
			productType = "com.apple.product-type.application";
		};
		C3A2037D29E7C74400BD39AD /* SpriteKitBasicsTests */ = {
			isa = PBXNativeTarget;
			buildConfigurationList = C3A2039529E7C74400BD39AD /* Build configuration list for PBXNativeTarget "SpriteKitBasicsTests" */;
			buildPhases = (
				C3A2037A29E7C74400BD39AD /* Sources */,
				C3A2037B29E7C74400BD39AD /* Frameworks */,
				C3A2037C29E7C74400BD39AD /* Resources */,
			);
			buildRules = (
			);
			dependencies = (
				C3A2038029E7C74400BD39AD /* PBXTargetDependency */,
			);
			name = SpriteKitBasicsTests;
			productName = SpriteKitBasicsTests;
			productReference = C3A2037E29E7C74400BD39AD /* SpriteKitBasicsTests.xctest */;
			productType = "com.apple.product-type.bundle.unit-test";
		};
		C3A2038729E7C74400BD39AD /* SpriteKitBasicsUITests */ = {
			isa = PBXNativeTarget;
			buildConfigurationList = C3A2039829E7C74400BD39AD /* Build configuration list for PBXNativeTarget "SpriteKitBasicsUITests" */;
			buildPhases = (
				C3A2038429E7C74400BD39AD /* Sources */,
				C3A2038529E7C74400BD39AD /* Frameworks */,
				C3A2038629E7C74400BD39AD /* Resources */,
			);
			buildRules = (
			);
			dependencies = (
				C3A2038A29E7C74400BD39AD /* PBXTargetDependency */,
			);
			name = SpriteKitBasicsUITests;
			productName = SpriteKitBasicsUITests;
			productReference = C3A2038829E7C74400BD39AD /* SpriteKitBasicsUITests.xctest */;
			productType = "com.apple.product-type.bundle.ui-testing";
		};
/* End PBXNativeTarget section */

/* Begin PBXProject section */
		C3A2035D29E7C74100BD39AD /* Project object */ = {
			isa = PBXProject;
			attributes = {
				BuildIndependentTargetsInParallel = 1;
				LastSwiftUpdateCheck = 1310;
				LastUpgradeCheck = 1310;
				TargetAttributes = {
					C3A2036429E7C74100BD39AD = {
						CreatedOnToolsVersion = 13.1;
					};
					C3A2037D29E7C74400BD39AD = {
						CreatedOnToolsVersion = 13.1;
						TestTargetID = C3A2036429E7C74100BD39AD;
					};
					C3A2038729E7C74400BD39AD = {
						CreatedOnToolsVersion = 13.1;
						TestTargetID = C3A2036429E7C74100BD39AD;
					};
				};
			};
			buildConfigurationList = C3A2036029E7C74100BD39AD /* Build configuration list for PBXProject "SpriteKitBasics" */;
			compatibilityVersion = "Xcode 13.0";
			developmentRegion = en;
			hasScannedForEncodings = 0;
			knownRegions = (
				en,
				Base,
			);
			mainGroup = C3A2035C29E7C74100BD39AD;
			productRefGroup = C3A2036629E7C74100BD39AD /* Products */;
			projectDirPath = "";
			projectRoot = "";
			targets = (
				C3A2036429E7C74100BD39AD /* SpriteKitBasics */,
				C3A2037D29E7C74400BD39AD /* SpriteKitBasicsTests */,
				C3A2038729E7C74400BD39AD /* SpriteKitBasicsUITests */,
			);
		};
/* End PBXProject section */

/* Begin PBXResourcesBuildPhase section */
		C3A2036329E7C74100BD39AD /* Resources */ = {
			isa = PBXResourcesBuildPhase;
			buildActionMask = 2147483647;
			files = (
				C3A2037429E7C74100BD39AD /* Main.storyboard in Resources */,
				C3A2037629E7C74400BD39AD /* Assets.xcassets in Resources */,
				C3A2037929E7C74400BD39AD /* LaunchScreen.storyboard in Resources */,
			);
			runOnlyForDeploymentPostprocessing = 0;
		};
		C3A2037C29E7C74400BD39AD /* Resources */ = {
			isa = PBXResourcesBuildPhase;
			buildActionMask = 2147483647;
			files = (
			);
			runOnlyForDeploymentPostprocessing = 0;
		};
		C3A2038629E7C74400BD39AD /* Resources */ = {
			isa = PBXResourcesBuildPhase;
			buildActionMask = 2147483647;
			files = (
			);
			runOnlyForDeploymentPostprocessing = 0;
		};
/* End PBXResourcesBuildPhase section */

/* Begin PBXSourcesBuildPhase section */
		C3A2036129E7C74100BD39AD /* Sources */ = {
			isa = PBXSourcesBuildPhase;
			buildActionMask = 2147483647;
			files = (
				C3A2036F29E7C74100BD39AD /* GameScene.swift in Sources */,
				C3A2037129E7C74100BD39AD /* GameViewController.swift in Sources */,
				C3A2036929E7C74100BD39AD /* AppDelegate.swift in Sources */,
			);
			runOnlyForDeploymentPostprocessing = 0;
		};
		C3A2037A29E7C74400BD39AD /* Sources */ = {
			isa = PBXSourcesBuildPhase;
			buildActionMask = 2147483647;
			files = (
				C3A2038329E7C74400BD39AD /* SpriteKitBasicsTests.swift in Sources */,
			);
			runOnlyForDeploymentPostprocessing = 0;
		};
		C3A2038429E7C74400BD39AD /* Sources */ = {
			isa = PBXSourcesBuildPhase;
			buildActionMask = 2147483647;
			files = (
				C3A2038D29E7C74400BD39AD /* SpriteKitBasicsUITests.swift in Sources */,
				C3A2038F29E7C74400BD39AD /* SpriteKitBasicsUITestsLaunchTests.swift in Sources */,
			);
			runOnlyForDeploymentPostprocessing = 0;
		};
/* End PBXSourcesBuildPhase section */

/* Begin PBXTargetDependency section */
		C3A2038029E7C74400BD39AD /* PBXTargetDependency */ = {
			isa = PBXTargetDependency;
			target = C3A2036429E7C74100BD39AD /* SpriteKitBasics */;
			targetProxy = C3A2037F29E7C74400BD39AD /* PBXContainerItemProxy */;
		};
		C3A2038A29E7C74400BD39AD /* PBXTargetDependency */ = {
			isa = PBXTargetDependency;
			target = C3A2036429E7C74100BD39AD /* SpriteKitBasics */;
			targetProxy = C3A2038929E7C74400BD39AD /* PBXContainerItemProxy */;
		};
/* End PBXTargetDependency section */

/* Begin PBXVariantGroup section */
		C3A2037229E7C74100BD39AD /* Main.storyboard */ = {
			isa = PBXVariantGroup;
			children = (
				C3A2037329E7C74100BD39AD /* Base */,
			);
			name = Main.storyboard;
			sourceTree = "<group>";
		};
		C3A2037729E7C74400BD39AD /* LaunchScreen.storyboard */ = {
			isa = PBXVariantGroup;
			children = (
				C3A2037829E7C74400BD39AD /* Base */,
			);
			name = LaunchScreen.storyboard;
			sourceTree = "<group>";
		};
/* End PBXVariantGroup section */

/* Begin XCBuildConfiguration section */
		C3A2039029E7C74400BD39AD /* Debug */ = {
			isa = XCBuildConfiguration;
			buildSettings = {
				ALWAYS_SEARCH_USER_PATHS = NO;
				CLANG_ANALYZER_NONNULL = YES;
				CLANG_ANALYZER_NUMBER_OBJECT_CONVERSION = YES_AGGRESSIVE;
				CLANG_CXX_LANGUAGE_STANDARD = "gnu++17";
				CLANG_CXX_LIBRARY = "libc++";
				CLANG_ENABLE_MODULES = YES;
				CLANG_ENABLE_OBJC_ARC = YES;
				CLANG_ENABLE_OBJC_WEAK = YES;
				CLANG_WARN_BLOCK_CAPTURE_AUTORELEASING = YES;
				CLANG_WARN_BOOL_CONVERSION = YES;
				CLANG_WARN_COMMA = YES;
				CLANG_WARN_CONSTANT_CONVERSION = YES;
				CLANG_WARN_DEPRECATED_OBJC_IMPLEMENTATIONS = YES;
				CLANG_WARN_DIRECT_OBJC_ISA_USAGE = YES_ERROR;
				CLANG_WARN_DOCUMENTATION_COMMENTS = YES;
				CLANG_WARN_EMPTY_BODY = YES;
				CLANG_WARN_ENUM_CONVERSION = YES;
				CLANG_WARN_INFINITE_RECURSION = YES;
				CLANG_WARN_INT_CONVERSION = YES;
				CLANG_WARN_NON_LITERAL_NULL_CONVERSION = YES;
				CLANG_WARN_OBJC_IMPLICIT_RETAIN_SELF = YES;
				CLANG_WARN_OBJC_LITERAL_CONVERSION = YES;
				CLANG_WARN_OBJC_ROOT_CLASS = YES_ERROR;
				CLANG_WARN_QUOTED_INCLUDE_IN_FRAMEWORK_HEADER = YES;
				CLANG_WARN_RANGE_LOOP_ANALYSIS = YES;
				CLANG_WARN_STRICT_PROTOTYPES = YES;
				CLANG_WARN_SUSPICIOUS_MOVE = YES;
				CLANG_WARN_UNGUARDED_AVAILABILITY = YES_AGGRESSIVE;
				CLANG_WARN_UNREACHABLE_CODE = YES;
				CLANG_WARN__DUPLICATE_METHOD_MATCH = YES;
				COPY_PHASE_STRIP = NO;
				DEBUG_INFORMATION_FORMAT = dwarf;
				ENABLE_STRICT_OBJC_MSGSEND = YES;
				ENABLE_TESTABILITY = YES;
				GCC_C_LANGUAGE_STANDARD = gnu11;
				GCC_DYNAMIC_NO_PIC = NO;
				GCC_NO_COMMON_BLOCKS = YES;
				GCC_OPTIMIZATION_LEVEL = 0;
				GCC_PREPROCESSOR_DEFINITIONS = (
					"DEBUG=1",
					"$(inherited)",
				);
				GCC_WARN_64_TO_32_BIT_CONVERSION = YES;
				GCC_WARN_ABOUT_RETURN_TYPE = YES_ERROR;
				GCC_WARN_UNDECLARED_SELECTOR = YES;
				GCC_WARN_UNINITIALIZED_AUTOS = YES_AGGRESSIVE;
				GCC_WARN_UNUSED_FUNCTION = YES;
				GCC_WARN_UNUSED_VARIABLE = YES;
				IPHONEOS_DEPLOYMENT_TARGET = 15.0;
				MTL_ENABLE_DEBUG_INFO = INCLUDE_SOURCE;
				MTL_FAST_MATH = YES;
				ONLY_ACTIVE_ARCH = YES;
				SDKROOT = iphoneos;
				SWIFT_ACTIVE_COMPILATION_CONDITIONS = DEBUG;
				SWIFT_OPTIMIZATION_LEVEL = "-Onone";
			};
			name = Debug;
		};
		C3A2039129E7C74400BD39AD /* Release */ = {
			isa = XCBuildConfiguration;
			buildSettings = {
				ALWAYS_SEARCH_USER_PATHS = NO;
				CLANG_ANALYZER_NONNULL = YES;
				CLANG_ANALYZER_NUMBER_OBJECT_CONVERSION = YES_AGGRESSIVE;
				CLANG_CXX_LANGUAGE_STANDARD = "gnu++17";
				CLANG_CXX_LIBRARY = "libc++";
				CLANG_ENABLE_MODULES = YES;
				CLANG_ENABLE_OBJC_ARC = YES;
				CLANG_ENABLE_OBJC_WEAK = YES;
				CLANG_WARN_BLOCK_CAPTURE_AUTORELEASING = YES;
				CLANG_WARN_BOOL_CONVERSION = YES;
				CLANG_WARN_COMMA = YES;
				CLANG_WARN_CONSTANT_CONVERSION = YES;
				CLANG_WARN_DEPRECATED_OBJC_IMPLEMENTATIONS = YES;
				CLANG_WARN_DIRECT_OBJC_ISA_USAGE = YES_ERROR;
				CLANG_WARN_DOCUMENTATION_COMMENTS = YES;
				CLANG_WARN_EMPTY_BODY = YES;
				CLANG_WARN_ENUM_CONVERSION = YES;
				CLANG_WARN_INFINITE_RECURSION = YES;
				CLANG_WARN_INT_CONVERSION = YES;
				CLANG_WARN_NON_LITERAL_NULL_CONVERSION = YES;
				CLANG_WARN_OBJC_IMPLICIT_RETAIN_SELF = YES;
				CLANG_WARN_OBJC_LITERAL_CONVERSION = YES;
				CLANG_WARN_OBJC_ROOT_CLASS = YES_ERROR;
				CLANG_WARN_QUOTED_INCLUDE_IN_FRAMEWORK_HEADER = YES;
				CLANG_WARN_RANGE_LOOP_ANALYSIS = YES;
				CLANG_WARN_STRICT_PROTOTYPES = YES;
				CLANG_WARN_SUSPICIOUS_MOVE = YES;
				CLANG_WARN_UNGUARDED_AVAILABILITY = YES_AGGRESSIVE;
				CLANG_WARN_UNREACHABLE_CODE = YES;
				CLANG_WARN__DUPLICATE_METHOD_MATCH = YES;
				COPY_PHASE_STRIP = NO;
				DEBUG_INFORMATION_FORMAT = "dwarf-with-dsym";
				ENABLE_NS_ASSERTIONS = NO;
				ENABLE_STRICT_OBJC_MSGSEND = YES;
				GCC_C_LANGUAGE_STANDARD = gnu11;
				GCC_NO_COMMON_BLOCKS = YES;
				GCC_WARN_64_TO_32_BIT_CONVERSION = YES;
				GCC_WARN_ABOUT_RETURN_TYPE = YES_ERROR;
				GCC_WARN_UNDECLARED_SELECTOR = YES;
				GCC_WARN_UNINITIALIZED_AUTOS = YES_AGGRESSIVE;
				GCC_WARN_UNUSED_FUNCTION = YES;
				GCC_WARN_UNUSED_VARIABLE = YES;
				IPHONEOS_DEPLOYMENT_TARGET = 15.0;
				MTL_ENABLE_DEBUG_INFO = NO;
				MTL_FAST_MATH = YES;
				SDKROOT = iphoneos;
				SWIFT_COMPILATION_MODE = wholemodule;
				SWIFT_OPTIMIZATION_LEVEL = "-O";
				VALIDATE_PRODUCT = YES;
			};
			name = Release;
		};
		C3A2039329E7C74400BD39AD /* Debug */ = {
			isa = XCBuildConfiguration;
			buildSettings = {
				ASSETCATALOG_COMPILER_APPICON_NAME = AppIcon;
				ASSETCATALOG_COMPILER_GLOBAL_ACCENT_COLOR_NAME = AccentColor;
				CODE_SIGN_STYLE = Automatic;
				CURRENT_PROJECT_VERSION = 1;
				DEVELOPMENT_TEAM = 6UK9B9BTNM;
				GENERATE_INFOPLIST_FILE = YES;
				INFOPLIST_KEY_UIApplicationSupportsIndirectInputEvents = YES;
				INFOPLIST_KEY_UILaunchStoryboardName = LaunchScreen;
				INFOPLIST_KEY_UIMainStoryboardFile = Main;
				INFOPLIST_KEY_UIStatusBarHidden = YES;
				INFOPLIST_KEY_UISupportedInterfaceOrientations_iPad = "UIInterfaceOrientationPortrait UIInterfaceOrientationPortraitUpsideDown UIInterfaceOrientationLandscapeLeft UIInterfaceOrientationLandscapeRight";
				INFOPLIST_KEY_UISupportedInterfaceOrientations_iPhone = "UIInterfaceOrientationPortrait UIInterfaceOrientationLandscapeLeft UIInterfaceOrientationLandscapeRight";
				LD_RUNPATH_SEARCH_PATHS = (
					"$(inherited)",
					"@executable_path/Frameworks",
				);
				MARKETING_VERSION = 1.0;
				PRODUCT_BUNDLE_IDENTIFIER = com.christianlorenzo.SpriteKitBasics;
				PRODUCT_NAME = "$(TARGET_NAME)";
				SWIFT_EMIT_LOC_STRINGS = YES;
				SWIFT_VERSION = 5.0;
				TARGETED_DEVICE_FAMILY = "1,2";
			};
			name = Debug;
		};
		C3A2039429E7C74400BD39AD /* Release */ = {
			isa = XCBuildConfiguration;
			buildSettings = {
				ASSETCATALOG_COMPILER_APPICON_NAME = AppIcon;
				ASSETCATALOG_COMPILER_GLOBAL_ACCENT_COLOR_NAME = AccentColor;
				CODE_SIGN_STYLE = Automatic;
				CURRENT_PROJECT_VERSION = 1;
				DEVELOPMENT_TEAM = 6UK9B9BTNM;
				GENERATE_INFOPLIST_FILE = YES;
				INFOPLIST_KEY_UIApplicationSupportsIndirectInputEvents = YES;
				INFOPLIST_KEY_UILaunchStoryboardName = LaunchScreen;
				INFOPLIST_KEY_UIMainStoryboardFile = Main;
				INFOPLIST_KEY_UIStatusBarHidden = YES;
				INFOPLIST_KEY_UISupportedInterfaceOrientations_iPad = "UIInterfaceOrientationPortrait UIInterfaceOrientationPortraitUpsideDown UIInterfaceOrientationLandscapeLeft UIInterfaceOrientationLandscapeRight";
				INFOPLIST_KEY_UISupportedInterfaceOrientations_iPhone = "UIInterfaceOrientationPortrait UIInterfaceOrientationLandscapeLeft UIInterfaceOrientationLandscapeRight";
				LD_RUNPATH_SEARCH_PATHS = (
					"$(inherited)",
					"@executable_path/Frameworks",
				);
				MARKETING_VERSION = 1.0;
				PRODUCT_BUNDLE_IDENTIFIER = com.christianlorenzo.SpriteKitBasics;
				PRODUCT_NAME = "$(TARGET_NAME)";
				SWIFT_EMIT_LOC_STRINGS = YES;
				SWIFT_VERSION = 5.0;
				TARGETED_DEVICE_FAMILY = "1,2";
			};
			name = Release;
		};
		C3A2039629E7C74400BD39AD /* Debug */ = {
			isa = XCBuildConfiguration;
			buildSettings = {
				ALWAYS_EMBED_SWIFT_STANDARD_LIBRARIES = YES;
				BUNDLE_LOADER = "$(TEST_HOST)";
				CODE_SIGN_STYLE = Automatic;
				CURRENT_PROJECT_VERSION = 1;
				DEVELOPMENT_TEAM = 6UK9B9BTNM;
				GENERATE_INFOPLIST_FILE = YES;
				IPHONEOS_DEPLOYMENT_TARGET = 15.0;
				LD_RUNPATH_SEARCH_PATHS = (
					"$(inherited)",
					"@executable_path/Frameworks",
					"@loader_path/Frameworks",
				);
				MARKETING_VERSION = 1.0;
				PRODUCT_BUNDLE_IDENTIFIER = com.christianlorenzo.SpriteKitBasicsTests;
				PRODUCT_NAME = "$(TARGET_NAME)";
				SWIFT_EMIT_LOC_STRINGS = NO;
				SWIFT_VERSION = 5.0;
				TARGETED_DEVICE_FAMILY = "1,2";
				TEST_HOST = "$(BUILT_PRODUCTS_DIR)/SpriteKitBasics.app/SpriteKitBasics";
			};
			name = Debug;
		};
		C3A2039729E7C74400BD39AD /* Release */ = {
			isa = XCBuildConfiguration;
			buildSettings = {
				ALWAYS_EMBED_SWIFT_STANDARD_LIBRARIES = YES;
				BUNDLE_LOADER = "$(TEST_HOST)";
				CODE_SIGN_STYLE = Automatic;
				CURRENT_PROJECT_VERSION = 1;
				DEVELOPMENT_TEAM = 6UK9B9BTNM;
				GENERATE_INFOPLIST_FILE = YES;
				IPHONEOS_DEPLOYMENT_TARGET = 15.0;
				LD_RUNPATH_SEARCH_PATHS = (
					"$(inherited)",
					"@executable_path/Frameworks",
					"@loader_path/Frameworks",
				);
				MARKETING_VERSION = 1.0;
				PRODUCT_BUNDLE_IDENTIFIER = com.christianlorenzo.SpriteKitBasicsTests;
				PRODUCT_NAME = "$(TARGET_NAME)";
				SWIFT_EMIT_LOC_STRINGS = NO;
				SWIFT_VERSION = 5.0;
				TARGETED_DEVICE_FAMILY = "1,2";
				TEST_HOST = "$(BUILT_PRODUCTS_DIR)/SpriteKitBasics.app/SpriteKitBasics";
			};
			name = Release;
		};
		C3A2039929E7C74400BD39AD /* Debug */ = {
			isa = XCBuildConfiguration;
			buildSettings = {
				ALWAYS_EMBED_SWIFT_STANDARD_LIBRARIES = YES;
				CODE_SIGN_STYLE = Automatic;
				CURRENT_PROJECT_VERSION = 1;
				DEVELOPMENT_TEAM = 6UK9B9BTNM;
				GENERATE_INFOPLIST_FILE = YES;
				LD_RUNPATH_SEARCH_PATHS = (
					"$(inherited)",
					"@executable_path/Frameworks",
					"@loader_path/Frameworks",
				);
				MARKETING_VERSION = 1.0;
				PRODUCT_BUNDLE_IDENTIFIER = com.christianlorenzo.SpriteKitBasicsUITests;
				PRODUCT_NAME = "$(TARGET_NAME)";
				SWIFT_EMIT_LOC_STRINGS = NO;
				SWIFT_VERSION = 5.0;
				TARGETED_DEVICE_FAMILY = "1,2";
				TEST_TARGET_NAME = SpriteKitBasics;
			};
			name = Debug;
		};
		C3A2039A29E7C74400BD39AD /* Release */ = {
			isa = XCBuildConfiguration;
			buildSettings = {
				ALWAYS_EMBED_SWIFT_STANDARD_LIBRARIES = YES;
				CODE_SIGN_STYLE = Automatic;
				CURRENT_PROJECT_VERSION = 1;
				DEVELOPMENT_TEAM = 6UK9B9BTNM;
				GENERATE_INFOPLIST_FILE = YES;
				LD_RUNPATH_SEARCH_PATHS = (
					"$(inherited)",
					"@executable_path/Frameworks",
					"@loader_path/Frameworks",
				);
				MARKETING_VERSION = 1.0;
				PRODUCT_BUNDLE_IDENTIFIER = com.christianlorenzo.SpriteKitBasicsUITests;
				PRODUCT_NAME = "$(TARGET_NAME)";
				SWIFT_EMIT_LOC_STRINGS = NO;
				SWIFT_VERSION = 5.0;
				TARGETED_DEVICE_FAMILY = "1,2";
				TEST_TARGET_NAME = SpriteKitBasics;
			};
			name = Release;
		};
/* End XCBuildConfiguration section */

/* Begin XCConfigurationList section */
		C3A2036029E7C74100BD39AD /* Build configuration list for PBXProject "SpriteKitBasics" */ = {
			isa = XCConfigurationList;
			buildConfigurations = (
				C3A2039029E7C74400BD39AD /* Debug */,
				C3A2039129E7C74400BD39AD /* Release */,
			);
			defaultConfigurationIsVisible = 0;
			defaultConfigurationName = Release;
		};
		C3A2039229E7C74400BD39AD /* Build configuration list for PBXNativeTarget "SpriteKitBasics" */ = {
			isa = XCConfigurationList;
			buildConfigurations = (
				C3A2039329E7C74400BD39AD /* Debug */,
				C3A2039429E7C74400BD39AD /* Release */,
			);
			defaultConfigurationIsVisible = 0;
			defaultConfigurationName = Release;
		};
		C3A2039529E7C74400BD39AD /* Build configuration list for PBXNativeTarget "SpriteKitBasicsTests" */ = {
			isa = XCConfigurationList;
			buildConfigurations = (
				C3A2039629E7C74400BD39AD /* Debug */,
				C3A2039729E7C74400BD39AD /* Release */,
			);
			defaultConfigurationIsVisible = 0;
			defaultConfigurationName = Release;
		};
		C3A2039829E7C74400BD39AD /* Build configuration list for PBXNativeTarget "SpriteKitBasicsUITests" */ = {
			isa = XCConfigurationList;
			buildConfigurations = (
				C3A2039929E7C74400BD39AD /* Debug */,
				C3A2039A29E7C74400BD39AD /* Release */,
			);
			defaultConfigurationIsVisible = 0;
			defaultConfigurationName = Release;
		};
/* End XCConfigurationList section */
	};
	rootObject = C3A2035D29E7C74100BD39AD /* Project object */;
}
